
Microsoft Visual Studio Solution File, Format Version 10.00
# Visual Studio 2008
Project("{FAE04EC0-301F-11D3-BF4B-00C04F79EFBC}") = "jdsDLL", "jdsDLL\jdsDLL.csproj", "{A582680D-493E-4EB2-99EA-FCF6D13CD0A9}"
EndProject
Project("{FAE04EC0-301F-11D3-BF4B-00C04F79EFBC}") = "dll02", "dll02\dll02.csproj", "{791A9459-F5B4-4FCC-8A99-1C9801546224}"
EndProject
Project("{FAE04EC0-301F-11D3-BF4B-00C04F79EFBC}") = "dll03", "dll03\dll03.csproj", "{59F16FAB-47B5-4E02-B201-FCA945BB418D}"
EndProject
Global
	GlobalSection(SolutionConfigurationPlatforms) = preSolution
		Debug|Any CPU = Debug|Any CPU
		Release|Any CPU = Release|Any CPU
	EndGlobalSection
	GlobalSection(ProjectConfigurationPlatforms) = postSolution
		{59F16FAB-47B5-4E02-B201-FCA945BB418D}.Debug|Any CPU.ActiveCfg = Debug|Any CPU
		{59F16FAB-47B5-4E02-B201-FCA945BB418D}.Debug|Any CPU.Build.0 = Debug|Any CPU
		{59F16FAB-47B5-4E02-B201-FCA945BB418D}.Release|Any CPU.ActiveCfg = Release|Any CPU
		{59F16FAB-47B5-4E02-B201-FCA945BB418D}.Release|Any CPU.Build.0 = Release|Any CPU
		{791A9459-F5B4-4FCC-8A99-1C9801546224}.Debug|Any CPU.ActiveCfg = Debug|Any CPU
		{791A9459-F5B4-4FCC-8A99-1C9801546224}.Debug|Any CPU.Build.0 = Debug|Any CPU
		{791A9459-F5B4-4FCC-8A99-1C9801546224}.Release|Any CPU.ActiveCfg = Release|Any CPU
		{791A9459-F5B4-4FCC-8A99-1C9801546224}.Release|Any CPU.Build.0 = Release|Any CPU
		{A582680D-493E-4EB2-99EA-FCF6D13CD0A9}.Debug|Any CPU.ActiveCfg = Debug|Any CPU
		{A582680D-493E-4EB2-99EA-FCF6D13CD0A9}.Debug|Any CPU.Build.0 = Debug|Any CPU
		{A582680D-493E-4EB2-99EA-FCF6D13CD0A9}.Release|Any CPU.ActiveCfg = Release|Any CPU
		{A582680D-493E-4EB2-99EA-FCF6D13CD0A9}.Release|Any CPU.Build.0 = Release|Any CPU
	EndGlobalSection
	GlobalSection(MonoDevelopProperties) = preSolution
		StartupItem = jdsDLL\jdsDLL.csproj
		outputpath = ..\..\Assets\dllJDS
	EndGlobalSection
EndGlobal
